
Microsoft Visual Studio Solution File, Format Version 12.00
# Visual Studio Version 16
VisualStudioVersion = 16.0.31515.178
MinimumVisualStudioVersion = 10.0.40219.1
Project("{FAE04EC0-301F-11D3-BF4B-00C04F79EFBC}") = "LearningCSharp", "LearningCSharp\LearningCSharp.csproj", "{7F0F08EC-ED2D-4874-BC2A-01E76FC4A500}"
EndProject
Project("{2150E333-8FDC-42A3-9474-1A3956D46DE8}") = "Homework", "Homework", "{91199392-CEAC-4BF7-96B8-C3919ADF703B}"
EndProject
Project("{FAE04EC0-301F-11D3-BF4B-00C04F79EFBC}") = "Homework 1", "..\Homework 1\Homework 1.csproj", "{0683D1CC-2534-4348-B40B-41CD91F0A807}"
EndProject
Global
	GlobalSection(SolutionConfigurationPlatforms) = preSolution
		Debug|Any CPU = Debug|Any CPU
		Release|Any CPU = Release|Any CPU
	EndGlobalSection
	GlobalSection(ProjectConfigurationPlatforms) = postSolution
		{7F0F08EC-ED2D-4874-BC2A-01E76FC4A500}.Debug|Any CPU.ActiveCfg = Debug|Any CPU
		{7F0F08EC-ED2D-4874-BC2A-01E76FC4A500}.Debug|Any CPU.Build.0 = Debug|Any CPU
		{7F0F08EC-ED2D-4874-BC2A-01E76FC4A500}.Release|Any CPU.ActiveCfg = Release|Any CPU
		{7F0F08EC-ED2D-4874-BC2A-01E76FC4A500}.Release|Any CPU.Build.0 = Release|Any CPU
		{0683D1CC-2534-4348-B40B-41CD91F0A807}.Debug|Any CPU.ActiveCfg = Debug|Any CPU
		{0683D1CC-2534-4348-B40B-41CD91F0A807}.Debug|Any CPU.Build.0 = Debug|Any CPU
		{0683D1CC-2534-4348-B40B-41CD91F0A807}.Release|Any CPU.ActiveCfg = Release|Any CPU
		{0683D1CC-2534-4348-B40B-41CD91F0A807}.Release|Any CPU.Build.0 = Release|Any CPU
	EndGlobalSection
	GlobalSection(SolutionProperties) = preSolution
		HideSolutionNode = FALSE
	EndGlobalSection
	GlobalSection(NestedProjects) = preSolution
		{0683D1CC-2534-4348-B40B-41CD91F0A807} = {91199392-CEAC-4BF7-96B8-C3919ADF703B}
	EndGlobalSection
	GlobalSection(ExtensibilityGlobals) = postSolution
		SolutionGuid = {EF039971-897E-406B-B22F-0A710EFC8C35}
	EndGlobalSection
EndGlobal
