
Microsoft Visual Studio Solution File, Format Version 12.00
# Visual Studio Version 16
VisualStudioVersion = 16.0.31515.178
MinimumVisualStudioVersion = 10.0.40219.1
Project("{9A19103F-16F7-4668-BE54-9A1E7A4F7556}") = "LearningCSharp", "LearningCSharp\LearningCSharp.csproj", "{7F0F08EC-ED2D-4874-BC2A-01E76FC4A500}"
EndProject
Project("{2150E333-8FDC-42A3-9474-1A3956D46DE8}") = "Homework", "Homework", "{91199392-CEAC-4BF7-96B8-C3919ADF703B}"
EndProject
Project("{9A19103F-16F7-4668-BE54-9A1E7A4F7556}") = "Homework 1", "..\Homework 1\Homework 1.csproj", "{0683D1CC-2534-4348-B40B-41CD91F0A807}"
EndProject
Project("{9A19103F-16F7-4668-BE54-9A1E7A4F7556}") = "Homework 2", "Homework 2\Homework 2.csproj", "{76970C7F-2F44-4F62-B514-B0CACB76B699}"
EndProject
Project("{9A19103F-16F7-4668-BE54-9A1E7A4F7556}") = "Homework 3 _Kondyukov", "Homework 3 _Kondyukov\Homework 3 _Kondyukov.csproj", "{1A97BC38-E6CF-4593-B6B7-B4E2A1F1D222}"
EndProject
Project("{9A19103F-16F7-4668-BE54-9A1E7A4F7556}") = "Homework 4 _Kondyukov", "Homework 4 _Kondyukov\Homework 4 _Kondyukov.csproj", "{2CCE90F0-89E4-4787-BC34-9F7F548EE69C}"
EndProject
Project("{9A19103F-16F7-4668-BE54-9A1E7A4F7556}") = "Homework 5 _Kondyukov", "Homework 5 _Kondyukov\Homework 5 _Kondyukov.csproj", "{84A9FAD5-9B52-4127-8F2D-78A5E78DBB3B}"
EndProject
Project("{FAE04EC0-301F-11D3-BF4B-00C04F79EFBC}") = "Homework 6 _Kondyukov", "Homework 6 _Kondyukov\Homework 6 _Kondyukov.csproj", "{17631370-83E3-493B-9AC6-714A3965E9E1}"
EndProject
Project("{FAE04EC0-301F-11D3-BF4B-00C04F79EFBC}") = "Homework 7 _Kondyukov", "Homework 7 _Kondyukov\Homework 7 _Kondyukov.csproj", "{D208CD11-5317-47AD-8DF2-6578F40B3BFA}"
EndProject
Global
	GlobalSection(SolutionConfigurationPlatforms) = preSolution
		Debug|Any CPU = Debug|Any CPU
		Release|Any CPU = Release|Any CPU
	EndGlobalSection
	GlobalSection(ProjectConfigurationPlatforms) = postSolution
		{7F0F08EC-ED2D-4874-BC2A-01E76FC4A500}.Debug|Any CPU.ActiveCfg = Debug|Any CPU
		{7F0F08EC-ED2D-4874-BC2A-01E76FC4A500}.Debug|Any CPU.Build.0 = Debug|Any CPU
		{7F0F08EC-ED2D-4874-BC2A-01E76FC4A500}.Release|Any CPU.ActiveCfg = Release|Any CPU
		{7F0F08EC-ED2D-4874-BC2A-01E76FC4A500}.Release|Any CPU.Build.0 = Release|Any CPU
		{0683D1CC-2534-4348-B40B-41CD91F0A807}.Debug|Any CPU.ActiveCfg = Debug|Any CPU
		{0683D1CC-2534-4348-B40B-41CD91F0A807}.Debug|Any CPU.Build.0 = Debug|Any CPU
		{0683D1CC-2534-4348-B40B-41CD91F0A807}.Release|Any CPU.ActiveCfg = Release|Any CPU
		{0683D1CC-2534-4348-B40B-41CD91F0A807}.Release|Any CPU.Build.0 = Release|Any CPU
		{76970C7F-2F44-4F62-B514-B0CACB76B699}.Debug|Any CPU.ActiveCfg = Debug|Any CPU
		{76970C7F-2F44-4F62-B514-B0CACB76B699}.Debug|Any CPU.Build.0 = Debug|Any CPU
		{76970C7F-2F44-4F62-B514-B0CACB76B699}.Release|Any CPU.ActiveCfg = Release|Any CPU
		{76970C7F-2F44-4F62-B514-B0CACB76B699}.Release|Any CPU.Build.0 = Release|Any CPU
		{1A97BC38-E6CF-4593-B6B7-B4E2A1F1D222}.Debug|Any CPU.ActiveCfg = Debug|Any CPU
		{1A97BC38-E6CF-4593-B6B7-B4E2A1F1D222}.Debug|Any CPU.Build.0 = Debug|Any CPU
		{1A97BC38-E6CF-4593-B6B7-B4E2A1F1D222}.Release|Any CPU.ActiveCfg = Release|Any CPU
		{1A97BC38-E6CF-4593-B6B7-B4E2A1F1D222}.Release|Any CPU.Build.0 = Release|Any CPU
		{2CCE90F0-89E4-4787-BC34-9F7F548EE69C}.Debug|Any CPU.ActiveCfg = Debug|Any CPU
		{2CCE90F0-89E4-4787-BC34-9F7F548EE69C}.Debug|Any CPU.Build.0 = Debug|Any CPU
		{2CCE90F0-89E4-4787-BC34-9F7F548EE69C}.Release|Any CPU.ActiveCfg = Release|Any CPU
		{2CCE90F0-89E4-4787-BC34-9F7F548EE69C}.Release|Any CPU.Build.0 = Release|Any CPU
		{84A9FAD5-9B52-4127-8F2D-78A5E78DBB3B}.Debug|Any CPU.ActiveCfg = Debug|Any CPU
		{84A9FAD5-9B52-4127-8F2D-78A5E78DBB3B}.Debug|Any CPU.Build.0 = Debug|Any CPU
		{84A9FAD5-9B52-4127-8F2D-78A5E78DBB3B}.Release|Any CPU.ActiveCfg = Release|Any CPU
		{84A9FAD5-9B52-4127-8F2D-78A5E78DBB3B}.Release|Any CPU.Build.0 = Release|Any CPU
		{17631370-83E3-493B-9AC6-714A3965E9E1}.Debug|Any CPU.ActiveCfg = Debug|Any CPU
		{17631370-83E3-493B-9AC6-714A3965E9E1}.Debug|Any CPU.Build.0 = Debug|Any CPU
		{17631370-83E3-493B-9AC6-714A3965E9E1}.Release|Any CPU.ActiveCfg = Release|Any CPU
		{17631370-83E3-493B-9AC6-714A3965E9E1}.Release|Any CPU.Build.0 = Release|Any CPU
		{D208CD11-5317-47AD-8DF2-6578F40B3BFA}.Debug|Any CPU.ActiveCfg = Debug|Any CPU
		{D208CD11-5317-47AD-8DF2-6578F40B3BFA}.Debug|Any CPU.Build.0 = Debug|Any CPU
		{D208CD11-5317-47AD-8DF2-6578F40B3BFA}.Release|Any CPU.ActiveCfg = Release|Any CPU
		{D208CD11-5317-47AD-8DF2-6578F40B3BFA}.Release|Any CPU.Build.0 = Release|Any CPU
	EndGlobalSection
	GlobalSection(SolutionProperties) = preSolution
		HideSolutionNode = FALSE
	EndGlobalSection
	GlobalSection(NestedProjects) = preSolution
		{0683D1CC-2534-4348-B40B-41CD91F0A807} = {91199392-CEAC-4BF7-96B8-C3919ADF703B}
		{76970C7F-2F44-4F62-B514-B0CACB76B699} = {91199392-CEAC-4BF7-96B8-C3919ADF703B}
		{1A97BC38-E6CF-4593-B6B7-B4E2A1F1D222} = {91199392-CEAC-4BF7-96B8-C3919ADF703B}
		{2CCE90F0-89E4-4787-BC34-9F7F548EE69C} = {91199392-CEAC-4BF7-96B8-C3919ADF703B}
		{84A9FAD5-9B52-4127-8F2D-78A5E78DBB3B} = {91199392-CEAC-4BF7-96B8-C3919ADF703B}
		{17631370-83E3-493B-9AC6-714A3965E9E1} = {91199392-CEAC-4BF7-96B8-C3919ADF703B}
		{D208CD11-5317-47AD-8DF2-6578F40B3BFA} = {91199392-CEAC-4BF7-96B8-C3919ADF703B}
	EndGlobalSection
	GlobalSection(ExtensibilityGlobals) = postSolution
		SolutionGuid = {EF039971-897E-406B-B22F-0A710EFC8C35}
	EndGlobalSection
EndGlobal
